// !$*UTF8*$!
{
	archiveVersion = 1;
	classes = {
	};
	objectVersion = 50;
	objects = {

/* Begin PBXBuildFile section */
		D915AD742319A7C8006CFB5E /* AppDelegate.swift in Sources */ = {isa = PBXBuildFile; fileRef = D915AD732319A7C8006CFB5E /* AppDelegate.swift */; };
		D915AD762319A7C8006CFB5E /* MainViewController.swift in Sources */ = {isa = PBXBuildFile; fileRef = D915AD752319A7C8006CFB5E /* MainViewController.swift */; };
		D915AD792319A7C8006CFB5E /* Main.storyboard in Resources */ = {isa = PBXBuildFile; fileRef = D915AD772319A7C8006CFB5E /* Main.storyboard */; };
		D915AD7C2319A7C8006CFB5E /* Lululemon.xcdatamodeld in Sources */ = {isa = PBXBuildFile; fileRef = D915AD7A2319A7C8006CFB5E /* Lululemon.xcdatamodeld */; };
		D915AD7E2319A7C9006CFB5E /* Assets.xcassets in Resources */ = {isa = PBXBuildFile; fileRef = D915AD7D2319A7C9006CFB5E /* Assets.xcassets */; };
		D915AD812319A7C9006CFB5E /* LaunchScreen.storyboard in Resources */ = {isa = PBXBuildFile; fileRef = D915AD7F2319A7C9006CFB5E /* LaunchScreen.storyboard */; };
		D915AD892319A7EC006CFB5E /* AddGarmentViewController.swift in Sources */ = {isa = PBXBuildFile; fileRef = D915AD882319A7EC006CFB5E /* AddGarmentViewController.swift */; };
		D915AD8B2319ACA5006CFB5E /* Constants_Resources.swift in Sources */ = {isa = PBXBuildFile; fileRef = D915AD8A2319ACA5006CFB5E /* Constants_Resources.swift */; };
		D915AD8D2319ADA6006CFB5E /* ServiceManager.swift in Sources */ = {isa = PBXBuildFile; fileRef = D915AD8C2319ADA6006CFB5E /* ServiceManager.swift */; };
		D915AD972319C9C0006CFB5E /* LululemonTests.swift in Sources */ = {isa = PBXBuildFile; fileRef = D915AD962319C9C0006CFB5E /* LululemonTests.swift */; };
/* End PBXBuildFile section */

/* Begin PBXContainerItemProxy section */
		D915AD992319C9C0006CFB5E /* PBXContainerItemProxy */ = {
			isa = PBXContainerItemProxy;
			containerPortal = D915AD682319A7C8006CFB5E /* Project object */;
			proxyType = 1;
			remoteGlobalIDString = D915AD6F2319A7C8006CFB5E;
			remoteInfo = Lululemon;
		};
/* End PBXContainerItemProxy section */

/* Begin PBXFileReference section */
		D915AD702319A7C8006CFB5E /* Lululemon.app */ = {isa = PBXFileReference; explicitFileType = wrapper.application; includeInIndex = 0; path = Lululemon.app; sourceTree = BUILT_PRODUCTS_DIR; };
		D915AD732319A7C8006CFB5E /* AppDelegate.swift */ = {isa = PBXFileReference; lastKnownFileType = sourcecode.swift; path = AppDelegate.swift; sourceTree = "<group>"; };
		D915AD752319A7C8006CFB5E /* MainViewController.swift */ = {isa = PBXFileReference; lastKnownFileType = sourcecode.swift; path = MainViewController.swift; sourceTree = "<group>"; };
		D915AD782319A7C8006CFB5E /* Base */ = {isa = PBXFileReference; lastKnownFileType = file.storyboard; name = Base; path = Base.lproj/Main.storyboard; sourceTree = "<group>"; };
		D915AD7B2319A7C8006CFB5E /* Lululemon.xcdatamodel */ = {isa = PBXFileReference; lastKnownFileType = wrapper.xcdatamodel; path = Lululemon.xcdatamodel; sourceTree = "<group>"; };
		D915AD7D2319A7C9006CFB5E /* Assets.xcassets */ = {isa = PBXFileReference; lastKnownFileType = folder.assetcatalog; path = Assets.xcassets; sourceTree = "<group>"; };
		D915AD802319A7C9006CFB5E /* Base */ = {isa = PBXFileReference; lastKnownFileType = file.storyboard; name = Base; path = Base.lproj/LaunchScreen.storyboard; sourceTree = "<group>"; };
		D915AD822319A7C9006CFB5E /* Info.plist */ = {isa = PBXFileReference; lastKnownFileType = text.plist.xml; path = Info.plist; sourceTree = "<group>"; };
		D915AD882319A7EC006CFB5E /* AddGarmentViewController.swift */ = {isa = PBXFileReference; lastKnownFileType = sourcecode.swift; path = AddGarmentViewController.swift; sourceTree = "<group>"; };
		D915AD8A2319ACA5006CFB5E /* Constants_Resources.swift */ = {isa = PBXFileReference; lastKnownFileType = sourcecode.swift; path = Constants_Resources.swift; sourceTree = "<group>"; };
		D915AD8C2319ADA6006CFB5E /* ServiceManager.swift */ = {isa = PBXFileReference; lastKnownFileType = sourcecode.swift; path = ServiceManager.swift; sourceTree = "<group>"; };
		D915AD942319C9BF006CFB5E /* LululemonTests.xctest */ = {isa = PBXFileReference; explicitFileType = wrapper.cfbundle; includeInIndex = 0; path = LululemonTests.xctest; sourceTree = BUILT_PRODUCTS_DIR; };
		D915AD962319C9C0006CFB5E /* LululemonTests.swift */ = {isa = PBXFileReference; lastKnownFileType = sourcecode.swift; path = LululemonTests.swift; sourceTree = "<group>"; };
		D915AD982319C9C0006CFB5E /* Info.plist */ = {isa = PBXFileReference; lastKnownFileType = text.plist.xml; path = Info.plist; sourceTree = "<group>"; };
/* End PBXFileReference section */

/* Begin PBXFrameworksBuildPhase section */
		D915AD6D2319A7C8006CFB5E /* Frameworks */ = {
			isa = PBXFrameworksBuildPhase;
			buildActionMask = 2147483647;
			files = (
			);
			runOnlyForDeploymentPostprocessing = 0;
		};
		D915AD912319C9BF006CFB5E /* Frameworks */ = {
			isa = PBXFrameworksBuildPhase;
			buildActionMask = 2147483647;
			files = (
			);
			runOnlyForDeploymentPostprocessing = 0;
		};
/* End PBXFrameworksBuildPhase section */

/* Begin PBXGroup section */
		D915AD672319A7C8006CFB5E = {
			isa = PBXGroup;
			children = (
				D915AD722319A7C8006CFB5E /* Lululemon */,
				D915AD952319C9C0006CFB5E /* LululemonTests */,
				D915AD712319A7C8006CFB5E /* Products */,
			);
			sourceTree = "<group>";
		};
		D915AD712319A7C8006CFB5E /* Products */ = {
			isa = PBXGroup;
			children = (
				D915AD702319A7C8006CFB5E /* Lululemon.app */,
				D915AD942319C9BF006CFB5E /* LululemonTests.xctest */,
			);
			name = Products;
			sourceTree = "<group>";
		};
		D915AD722319A7C8006CFB5E /* Lululemon */ = {
			isa = PBXGroup;
			children = (
				D915AD732319A7C8006CFB5E /* AppDelegate.swift */,
				D915AD752319A7C8006CFB5E /* MainViewController.swift */,
				D915AD772319A7C8006CFB5E /* Main.storyboard */,
				D915AD7D2319A7C9006CFB5E /* Assets.xcassets */,
				D915AD7F2319A7C9006CFB5E /* LaunchScreen.storyboard */,
				D915AD822319A7C9006CFB5E /* Info.plist */,
				D915AD7A2319A7C8006CFB5E /* Lululemon.xcdatamodeld */,
				D915AD882319A7EC006CFB5E /* AddGarmentViewController.swift */,
				D915AD8A2319ACA5006CFB5E /* Constants_Resources.swift */,
				D915AD8C2319ADA6006CFB5E /* ServiceManager.swift */,
			);
			path = Lululemon;
			sourceTree = "<group>";
		};
		D915AD952319C9C0006CFB5E /* LululemonTests */ = {
			isa = PBXGroup;
			children = (
				D915AD962319C9C0006CFB5E /* LululemonTests.swift */,
				D915AD982319C9C0006CFB5E /* Info.plist */,
			);
			path = LululemonTests;
			sourceTree = "<group>";
		};
/* End PBXGroup section */

/* Begin PBXNativeTarget section */
		D915AD6F2319A7C8006CFB5E /* Lululemon */ = {
			isa = PBXNativeTarget;
			buildConfigurationList = D915AD852319A7C9006CFB5E /* Build configuration list for PBXNativeTarget "Lululemon" */;
			buildPhases = (
				D915AD6C2319A7C8006CFB5E /* Sources */,
				D915AD6D2319A7C8006CFB5E /* Frameworks */,
				D915AD6E2319A7C8006CFB5E /* Resources */,
			);
			buildRules = (
			);
			dependencies = (
			);
			name = Lululemon;
			productName = Lululemon;
			productReference = D915AD702319A7C8006CFB5E /* Lululemon.app */;
			productType = "com.apple.product-type.application";
		};
		D915AD932319C9BF006CFB5E /* LululemonTests */ = {
			isa = PBXNativeTarget;
			buildConfigurationList = D915AD9B2319C9C0006CFB5E /* Build configuration list for PBXNativeTarget "LululemonTests" */;
			buildPhases = (
				D915AD902319C9BF006CFB5E /* Sources */,
				D915AD912319C9BF006CFB5E /* Frameworks */,
				D915AD922319C9BF006CFB5E /* Resources */,
			);
			buildRules = (
			);
			dependencies = (
				D915AD9A2319C9C0006CFB5E /* PBXTargetDependency */,
			);
			name = LululemonTests;
			productName = LululemonTests;
			productReference = D915AD942319C9BF006CFB5E /* LululemonTests.xctest */;
			productType = "com.apple.product-type.bundle.unit-test";
		};
/* End PBXNativeTarget section */

/* Begin PBXProject section */
		D915AD682319A7C8006CFB5E /* Project object */ = {
			isa = PBXProject;
			attributes = {
				LastSwiftUpdateCheck = 1030;
				LastUpgradeCheck = 1030;
				ORGANIZATIONNAME = TinHuynh;
				TargetAttributes = {
					D915AD6F2319A7C8006CFB5E = {
						CreatedOnToolsVersion = 10.3;
					};
					D915AD932319C9BF006CFB5E = {
						CreatedOnToolsVersion = 10.3;
						TestTargetID = D915AD6F2319A7C8006CFB5E;
					};
				};
			};
			buildConfigurationList = D915AD6B2319A7C8006CFB5E /* Build configuration list for PBXProject "Lululemon" */;
			compatibilityVersion = "Xcode 9.3";
			developmentRegion = en;
			hasScannedForEncodings = 0;
			knownRegions = (
				en,
				Base,
			);
			mainGroup = D915AD672319A7C8006CFB5E;
			productRefGroup = D915AD712319A7C8006CFB5E /* Products */;
			projectDirPath = "";
			projectRoot = "";
			targets = (
				D915AD6F2319A7C8006CFB5E /* Lululemon */,
				D915AD932319C9BF006CFB5E /* LululemonTests */,
			);
		};
/* End PBXProject section */

/* Begin PBXResourcesBuildPhase section */
		D915AD6E2319A7C8006CFB5E /* Resources */ = {
			isa = PBXResourcesBuildPhase;
			buildActionMask = 2147483647;
			files = (
				D915AD812319A7C9006CFB5E /* LaunchScreen.storyboard in Resources */,
				D915AD7E2319A7C9006CFB5E /* Assets.xcassets in Resources */,
				D915AD792319A7C8006CFB5E /* Main.storyboard in Resources */,
			);
			runOnlyForDeploymentPostprocessing = 0;
		};
		D915AD922319C9BF006CFB5E /* Resources */ = {
			isa = PBXResourcesBuildPhase;
			buildActionMask = 2147483647;
			files = (
			);
			runOnlyForDeploymentPostprocessing = 0;
		};
/* End PBXResourcesBuildPhase section */

/* Begin PBXSourcesBuildPhase section */
		D915AD6C2319A7C8006CFB5E /* Sources */ = {
			isa = PBXSourcesBuildPhase;
			buildActionMask = 2147483647;
			files = (
				D915AD7C2319A7C8006CFB5E /* Lululemon.xcdatamodeld in Sources */,
				D915AD8D2319ADA6006CFB5E /* ServiceManager.swift in Sources */,
				D915AD8B2319ACA5006CFB5E /* Constants_Resources.swift in Sources */,
				D915AD762319A7C8006CFB5E /* MainViewController.swift in Sources */,
				D915AD742319A7C8006CFB5E /* AppDelegate.swift in Sources */,
				D915AD892319A7EC006CFB5E /* AddGarmentViewController.swift in Sources */,
			);
			runOnlyForDeploymentPostprocessing = 0;
		};
		D915AD902319C9BF006CFB5E /* Sources */ = {
			isa = PBXSourcesBuildPhase;
			buildActionMask = 2147483647;
			files = (
				D915AD972319C9C0006CFB5E /* LululemonTests.swift in Sources */,
			);
			runOnlyForDeploymentPostprocessing = 0;
		};
/* End PBXSourcesBuildPhase section */

/* Begin PBXTargetDependency section */
		D915AD9A2319C9C0006CFB5E /* PBXTargetDependency */ = {
			isa = PBXTargetDependency;
			target = D915AD6F2319A7C8006CFB5E /* Lululemon */;
			targetProxy = D915AD992319C9C0006CFB5E /* PBXContainerItemProxy */;
		};
/* End PBXTargetDependency section */

/* Begin PBXVariantGroup section */
		D915AD772319A7C8006CFB5E /* Main.storyboard */ = {
			isa = PBXVariantGroup;
			children = (
				D915AD782319A7C8006CFB5E /* Base */,
			);
			name = Main.storyboard;
			sourceTree = "<group>";
		};
		D915AD7F2319A7C9006CFB5E /* LaunchScreen.storyboard */ = {
			isa = PBXVariantGroup;
			children = (
				D915AD802319A7C9006CFB5E /* Base */,
			);
			name = LaunchScreen.storyboard;
			sourceTree = "<group>";
		};
/* End PBXVariantGroup section */

/* Begin XCBuildConfiguration section */
		D915AD832319A7C9006CFB5E /* Debug */ = {
			isa = XCBuildConfiguration;
			buildSettings = {
				ALWAYS_SEARCH_USER_PATHS = NO;
				CLANG_ANALYZER_NONNULL = YES;
				CLANG_ANALYZER_NUMBER_OBJECT_CONVERSION = YES_AGGRESSIVE;
				CLANG_CXX_LANGUAGE_STANDARD = "gnu++14";
				CLANG_CXX_LIBRARY = "libc++";
				CLANG_ENABLE_MODULES = YES;
				CLANG_ENABLE_OBJC_ARC = YES;
				CLANG_ENABLE_OBJC_WEAK = YES;
				CLANG_WARN_BLOCK_CAPTURE_AUTORELEASING = YES;
				CLANG_WARN_BOOL_CONVERSION = YES;
				CLANG_WARN_COMMA = YES;
				CLANG_WARN_CONSTANT_CONVERSION = YES;
				CLANG_WARN_DEPRECATED_OBJC_IMPLEMENTATIONS = YES;
				CLANG_WARN_DIRECT_OBJC_ISA_USAGE = YES_ERROR;
				CLANG_WARN_DOCUMENTATION_COMMENTS = YES;
				CLANG_WARN_EMPTY_BODY = YES;
				CLANG_WARN_ENUM_CONVERSION = YES;
				CLANG_WARN_INFINITE_RECURSION = YES;
				CLANG_WARN_INT_CONVERSION = YES;
				CLANG_WARN_NON_LITERAL_NULL_CONVERSION = YES;
				CLANG_WARN_OBJC_IMPLICIT_RETAIN_SELF = YES;
				CLANG_WARN_OBJC_LITERAL_CONVERSION = YES;
				CLANG_WARN_OBJC_ROOT_CLASS = YES_ERROR;
				CLANG_WARN_RANGE_LOOP_ANALYSIS = YES;
				CLANG_WARN_STRICT_PROTOTYPES = YES;
				CLANG_WARN_SUSPICIOUS_MOVE = YES;
				CLANG_WARN_UNGUARDED_AVAILABILITY = YES_AGGRESSIVE;
				CLANG_WARN_UNREACHABLE_CODE = YES;
				CLANG_WARN__DUPLICATE_METHOD_MATCH = YES;
				CODE_SIGN_IDENTITY = "iPhone Developer";
				COPY_PHASE_STRIP = NO;
				DEBUG_INFORMATION_FORMAT = dwarf;
				ENABLE_STRICT_OBJC_MSGSEND = YES;
				ENABLE_TESTABILITY = YES;
				GCC_C_LANGUAGE_STANDARD = gnu11;
				GCC_DYNAMIC_NO_PIC = NO;
				GCC_NO_COMMON_BLOCKS = YES;
				GCC_OPTIMIZATION_LEVEL = 0;
				GCC_PREPROCESSOR_DEFINITIONS = (
					"DEBUG=1",
					"$(inherited)",
				);
				GCC_WARN_64_TO_32_BIT_CONVERSION = YES;
				GCC_WARN_ABOUT_RETURN_TYPE = YES_ERROR;
				GCC_WARN_UNDECLARED_SELECTOR = YES;
				GCC_WARN_UNINITIALIZED_AUTOS = YES_AGGRESSIVE;
				GCC_WARN_UNUSED_FUNCTION = YES;
				GCC_WARN_UNUSED_VARIABLE = YES;
				IPHONEOS_DEPLOYMENT_TARGET = 12.4;
				MTL_ENABLE_DEBUG_INFO = INCLUDE_SOURCE;
				MTL_FAST_MATH = YES;
				ONLY_ACTIVE_ARCH = YES;
				SDKROOT = iphoneos;
				SWIFT_ACTIVE_COMPILATION_CONDITIONS = DEBUG;
				SWIFT_OPTIMIZATION_LEVEL = "-Onone";
			};
			name = Debug;
		};
		D915AD842319A7C9006CFB5E /* Release */ = {
			isa = XCBuildConfiguration;
			buildSettings = {
				ALWAYS_SEARCH_USER_PATHS = NO;
				CLANG_ANALYZER_NONNULL = YES;
				CLANG_ANALYZER_NUMBER_OBJECT_CONVERSION = YES_AGGRESSIVE;
				CLANG_CXX_LANGUAGE_STANDARD = "gnu++14";
				CLANG_CXX_LIBRARY = "libc++";
				CLANG_ENABLE_MODULES = YES;
				CLANG_ENABLE_OBJC_ARC = YES;
				CLANG_ENABLE_OBJC_WEAK = YES;
				CLANG_WARN_BLOCK_CAPTURE_AUTORELEASING = YES;
				CLANG_WARN_BOOL_CONVERSION = YES;
				CLANG_WARN_COMMA = YES;
				CLANG_WARN_CONSTANT_CONVERSION = YES;
				CLANG_WARN_DEPRECATED_OBJC_IMPLEMENTATIONS = YES;
				CLANG_WARN_DIRECT_OBJC_ISA_USAGE = YES_ERROR;
				CLANG_WARN_DOCUMENTATION_COMMENTS = YES;
				CLANG_WARN_EMPTY_BODY = YES;
				CLANG_WARN_ENUM_CONVERSION = YES;
				CLANG_WARN_INFINITE_RECURSION = YES;
				CLANG_WARN_INT_CONVERSION = YES;
				CLANG_WARN_NON_LITERAL_NULL_CONVERSION = YES;
				CLANG_WARN_OBJC_IMPLICIT_RETAIN_SELF = YES;
				CLANG_WARN_OBJC_LITERAL_CONVERSION = YES;
				CLANG_WARN_OBJC_ROOT_CLASS = YES_ERROR;
				CLANG_WARN_RANGE_LOOP_ANALYSIS = YES;
				CLANG_WARN_STRICT_PROTOTYPES = YES;
				CLANG_WARN_SUSPICIOUS_MOVE = YES;
				CLANG_WARN_UNGUARDED_AVAILABILITY = YES_AGGRESSIVE;
				CLANG_WARN_UNREACHABLE_CODE = YES;
				CLANG_WARN__DUPLICATE_METHOD_MATCH = YES;
				CODE_SIGN_IDENTITY = "iPhone Developer";
				COPY_PHASE_STRIP = NO;
				DEBUG_INFORMATION_FORMAT = "dwarf-with-dsym";
				ENABLE_NS_ASSERTIONS = NO;
				ENABLE_STRICT_OBJC_MSGSEND = YES;
				GCC_C_LANGUAGE_STANDARD = gnu11;
				GCC_NO_COMMON_BLOCKS = YES;
				GCC_WARN_64_TO_32_BIT_CONVERSION = YES;
				GCC_WARN_ABOUT_RETURN_TYPE = YES_ERROR;
				GCC_WARN_UNDECLARED_SELECTOR = YES;
				GCC_WARN_UNINITIALIZED_AUTOS = YES_AGGRESSIVE;
				GCC_WARN_UNUSED_FUNCTION = YES;
				GCC_WARN_UNUSED_VARIABLE = YES;
				IPHONEOS_DEPLOYMENT_TARGET = 12.4;
				MTL_ENABLE_DEBUG_INFO = NO;
				MTL_FAST_MATH = YES;
				SDKROOT = iphoneos;
				SWIFT_COMPILATION_MODE = wholemodule;
				SWIFT_OPTIMIZATION_LEVEL = "-O";
				VALIDATE_PRODUCT = YES;
			};
			name = Release;
		};
		D915AD862319A7C9006CFB5E /* Debug */ = {
			isa = XCBuildConfiguration;
			buildSettings = {
				ASSETCATALOG_COMPILER_APPICON_NAME = AppIcon;
				CODE_SIGN_STYLE = Automatic;
				INFOPLIST_FILE = Lululemon/Info.plist;
				LD_RUNPATH_SEARCH_PATHS = (
					"$(inherited)",
					"@executable_path/Frameworks",
				);
				PRODUCT_BUNDLE_IDENTIFIER = Tin.Lululemon;
				PRODUCT_NAME = "$(TARGET_NAME)";
				SWIFT_VERSION = 5.0;
				TARGETED_DEVICE_FAMILY = "1,2";
			};
			name = Debug;
		};
		D915AD872319A7C9006CFB5E /* Release */ = {
			isa = XCBuildConfiguration;
			buildSettings = {
				ASSETCATALOG_COMPILER_APPICON_NAME = AppIcon;
				CODE_SIGN_STYLE = Automatic;
				INFOPLIST_FILE = Lululemon/Info.plist;
				LD_RUNPATH_SEARCH_PATHS = (
					"$(inherited)",
					"@executable_path/Frameworks",
				);
				PRODUCT_BUNDLE_IDENTIFIER = Tin.Lululemon;
				PRODUCT_NAME = "$(TARGET_NAME)";
				SWIFT_VERSION = 5.0;
				TARGETED_DEVICE_FAMILY = "1,2";
			};
			name = Release;
		};
		D915AD9C2319C9C0006CFB5E /* Debug */ = {
			isa = XCBuildConfiguration;
			buildSettings = {
				BUNDLE_LOADER = "$(TEST_HOST)";
				CODE_SIGN_STYLE = Automatic;
				INFOPLIST_FILE = LululemonTests/Info.plist;
				LD_RUNPATH_SEARCH_PATHS = (
					"$(inherited)",
					"@executable_path/Frameworks",
					"@loader_path/Frameworks",
				);
				PRODUCT_BUNDLE_IDENTIFIER = Tin.LululemonTests;
				PRODUCT_NAME = "$(TARGET_NAME)";
				SWIFT_VERSION = 5.0;
				TARGETED_DEVICE_FAMILY = "1,2";
				TEST_HOST = "$(BUILT_PRODUCTS_DIR)/Lululemon.app/Lululemon";
			};
			name = Debug;
		};
		D915AD9D2319C9C0006CFB5E /* Release */ = {
			isa = XCBuildConfiguration;
			buildSettings = {
				BUNDLE_LOADER = "$(TEST_HOST)";
				CODE_SIGN_STYLE = Automatic;
				INFOPLIST_FILE = LululemonTests/Info.plist;
				LD_RUNPATH_SEARCH_PATHS = (
					"$(inherited)",
					"@executable_path/Frameworks",
					"@loader_path/Frameworks",
				);
				PRODUCT_BUNDLE_IDENTIFIER = Tin.LululemonTests;
				PRODUCT_NAME = "$(TARGET_NAME)";
				SWIFT_VERSION = 5.0;
				TARGETED_DEVICE_FAMILY = "1,2";
				TEST_HOST = "$(BUILT_PRODUCTS_DIR)/Lululemon.app/Lululemon";
			};
			name = Release;
		};
/* End XCBuildConfiguration section */

/* Begin XCConfigurationList section */
		D915AD6B2319A7C8006CFB5E /* Build configuration list for PBXProject "Lululemon" */ = {
			isa = XCConfigurationList;
			buildConfigurations = (
				D915AD832319A7C9006CFB5E /* Debug */,
				D915AD842319A7C9006CFB5E /* Release */,
			);
			defaultConfigurationIsVisible = 0;
			defaultConfigurationName = Release;
		};
		D915AD852319A7C9006CFB5E /* Build configuration list for PBXNativeTarget "Lululemon" */ = {
			isa = XCConfigurationList;
			buildConfigurations = (
				D915AD862319A7C9006CFB5E /* Debug */,
				D915AD872319A7C9006CFB5E /* Release */,
			);
			defaultConfigurationIsVisible = 0;
			defaultConfigurationName = Release;
		};
		D915AD9B2319C9C0006CFB5E /* Build configuration list for PBXNativeTarget "LululemonTests" */ = {
			isa = XCConfigurationList;
			buildConfigurations = (
				D915AD9C2319C9C0006CFB5E /* Debug */,
				D915AD9D2319C9C0006CFB5E /* Release */,
			);
			defaultConfigurationIsVisible = 0;
			defaultConfigurationName = Release;
		};
/* End XCConfigurationList section */

/* Begin XCVersionGroup section */
		D915AD7A2319A7C8006CFB5E /* Lululemon.xcdatamodeld */ = {
			isa = XCVersionGroup;
			children = (
				D915AD7B2319A7C8006CFB5E /* Lululemon.xcdatamodel */,
			);
			currentVersion = D915AD7B2319A7C8006CFB5E /* Lululemon.xcdatamodel */;
			path = Lululemon.xcdatamodeld;
			sourceTree = "<group>";
			versionGroupType = wrapper.xcdatamodel;
		};
/* End XCVersionGroup section */
	};
	rootObject = D915AD682319A7C8006CFB5E /* Project object */;
}
